
Microsoft Visual Studio Solution File, Format Version 12.00
# Visual Studio 15
VisualStudioVersion = 15.0.26124.0
MinimumVisualStudioVersion = 15.0.26124.0
Project("{FAE04EC0-301F-11D3-BF4B-00C04F79EFBC}") = "game", "game\game.csproj", "{D4C37308-DB19-4F38-AE2A-D7C085F9ACB7}"
EndProject
Project("{FAE04EC0-301F-11D3-BF4B-00C04F79EFBC}") = "content", "content\content.csproj", "{B82CC9FE-196B-4390-960D-68768A429242}"
EndProject
Project("{FAE04EC0-301F-11D3-BF4B-00C04F79EFBC}") = "windows", "windows\windows.csproj", "{B4E726CA-CE2C-4523-BBF2-34FFD9A6EA48}"
EndProject
Project("{2150E333-8FDC-42A3-9474-1A3956D46DE8}") = "general", "general", "{30CCB4FA-CEFD-4EFC-9B2E-AE4882D363E1}"
ProjectSection(SolutionItems) = preProject
	.gitignore = .gitignore
	README.md = README.md
EndProjectSection
EndProject
Global
	GlobalSection(SolutionConfigurationPlatforms) = preSolution
		Windows|Any CPU = Windows|Any CPU
		Windows Debug|Any CPU = Windows Debug|Any CPU
	EndGlobalSection
	GlobalSection(SolutionProperties) = preSolution
		HideSolutionNode = FALSE
	EndGlobalSection
	GlobalSection(ProjectConfigurationPlatforms) = postSolution
		{B82CC9FE-196B-4390-960D-68768A429242}.Windows|Any CPU.ActiveCfg = Windows|Any CPU
		{B82CC9FE-196B-4390-960D-68768A429242}.Windows|Any CPU.Build.0 = Windows|Any CPU
		{B82CC9FE-196B-4390-960D-68768A429242}.Windows Debug|Any CPU.ActiveCfg = Windows Debug|Any CPU
		{B82CC9FE-196B-4390-960D-68768A429242}.Windows Debug|Any CPU.Build.0 = Windows Debug|Any CPU
		{D4C37308-DB19-4F38-AE2A-D7C085F9ACB7}.Windows|Any CPU.ActiveCfg = Windows|Any CPU
		{D4C37308-DB19-4F38-AE2A-D7C085F9ACB7}.Windows|Any CPU.Build.0 = Windows|Any CPU
		{D4C37308-DB19-4F38-AE2A-D7C085F9ACB7}.Windows Debug|Any CPU.ActiveCfg = Windows Debug|Any CPU
		{D4C37308-DB19-4F38-AE2A-D7C085F9ACB7}.Windows Debug|Any CPU.Build.0 = Windows Debug|Any CPU
		{B4E726CA-CE2C-4523-BBF2-34FFD9A6EA48}.Windows|Any CPU.ActiveCfg = Windows|Any CPU
		{B4E726CA-CE2C-4523-BBF2-34FFD9A6EA48}.Windows|Any CPU.Build.0 = Windows|Any CPU
		{B4E726CA-CE2C-4523-BBF2-34FFD9A6EA48}.Windows Debug|Any CPU.ActiveCfg = Windows Debug|Any CPU
		{B4E726CA-CE2C-4523-BBF2-34FFD9A6EA48}.Windows Debug|Any CPU.Build.0 = Windows Debug|Any CPU
	EndGlobalSection
EndGlobal
